
Microsoft Visual Studio Solution File, Format Version 12.00
# Visual Studio Version 16
VisualStudioVersion = 16.0.30104.148
MinimumVisualStudioVersion = 10.0.40219.1
Project("{9A19103F-16F7-4668-BE54-9A1E7A4F7556}") = "Lab2", "Lab2\Lab2.csproj", "{BFD9D3A8-D996-417C-8054-5017115B27C5}"
EndProject
Project("{9A19103F-16F7-4668-BE54-9A1E7A4F7556}") = "Lab1", "Lab1\Lab1.csproj", "{D7DB2891-B7BE-45FA-8F3E-B18F5111E068}"
EndProject
Project("{FAE04EC0-301F-11D3-BF4B-00C04F79EFBC}") = "Lab3", "Lab3\Lab3.csproj", "{7CBEDAFA-B392-4E3D-8F05-B355C8EF20F5}"
EndProject
Project("{FAE04EC0-301F-11D3-BF4B-00C04F79EFBC}") = "Common", "Common\Common.csproj", "{F93B17E0-2EC9-4A1A-905B-C7C323A8A928}"
EndProject
Global
	GlobalSection(SolutionConfigurationPlatforms) = preSolution
		Debug|Any CPU = Debug|Any CPU
		Release|Any CPU = Release|Any CPU
	EndGlobalSection
	GlobalSection(ProjectConfigurationPlatforms) = postSolution
		{BFD9D3A8-D996-417C-8054-5017115B27C5}.Debug|Any CPU.ActiveCfg = Debug|Any CPU
		{BFD9D3A8-D996-417C-8054-5017115B27C5}.Debug|Any CPU.Build.0 = Debug|Any CPU
		{BFD9D3A8-D996-417C-8054-5017115B27C5}.Release|Any CPU.ActiveCfg = Release|Any CPU
		{BFD9D3A8-D996-417C-8054-5017115B27C5}.Release|Any CPU.Build.0 = Release|Any CPU
		{D7DB2891-B7BE-45FA-8F3E-B18F5111E068}.Debug|Any CPU.ActiveCfg = Debug|Any CPU
		{D7DB2891-B7BE-45FA-8F3E-B18F5111E068}.Debug|Any CPU.Build.0 = Debug|Any CPU
		{D7DB2891-B7BE-45FA-8F3E-B18F5111E068}.Release|Any CPU.ActiveCfg = Release|Any CPU
		{D7DB2891-B7BE-45FA-8F3E-B18F5111E068}.Release|Any CPU.Build.0 = Release|Any CPU
		{7CBEDAFA-B392-4E3D-8F05-B355C8EF20F5}.Debug|Any CPU.ActiveCfg = Debug|Any CPU
		{7CBEDAFA-B392-4E3D-8F05-B355C8EF20F5}.Debug|Any CPU.Build.0 = Debug|Any CPU
		{7CBEDAFA-B392-4E3D-8F05-B355C8EF20F5}.Release|Any CPU.ActiveCfg = Release|Any CPU
		{7CBEDAFA-B392-4E3D-8F05-B355C8EF20F5}.Release|Any CPU.Build.0 = Release|Any CPU
		{F93B17E0-2EC9-4A1A-905B-C7C323A8A928}.Debug|Any CPU.ActiveCfg = Debug|Any CPU
		{F93B17E0-2EC9-4A1A-905B-C7C323A8A928}.Debug|Any CPU.Build.0 = Debug|Any CPU
		{F93B17E0-2EC9-4A1A-905B-C7C323A8A928}.Release|Any CPU.ActiveCfg = Release|Any CPU
		{F93B17E0-2EC9-4A1A-905B-C7C323A8A928}.Release|Any CPU.Build.0 = Release|Any CPU
	EndGlobalSection
	GlobalSection(SolutionProperties) = preSolution
		HideSolutionNode = FALSE
	EndGlobalSection
	GlobalSection(ExtensibilityGlobals) = postSolution
		SolutionGuid = {871BAC24-D3FC-4EB2-9FED-AE20F28BC126}
	EndGlobalSection
EndGlobal
